
Microsoft Visual Studio Solution File, Format Version 12.00
# Visual Studio 15
Project("{FAE04EC0-301F-11D3-BF4B-00C04F79EFBC}") = "Assembly-CSharp-firstpass", "Assembly-CSharp-firstpass.csproj", "{929C163C-E2D0-9F7D-2F61-18E132B1ADA5}"
EndProject
Project("{FAE04EC0-301F-11D3-BF4B-00C04F79EFBC}") = "Assembly-CSharp", "Assembly-CSharp.csproj", "{E23A02B5-835C-C075-8023-D4182AB6978E}"
EndProject
Project("{FAE04EC0-301F-11D3-BF4B-00C04F79EFBC}") = "Assembly-CSharp-Editor-firstpass", "Assembly-CSharp-Editor-firstpass.csproj", "{CCF48379-7F93-A93C-6A9D-54A8057A3540}"
EndProject
Global
	GlobalSection(SolutionConfigurationPlatforms) = preSolution
		Debug|Any CPU = Debug|Any CPU
		Release|Any CPU = Release|Any CPU
	EndGlobalSection
	GlobalSection(ProjectConfigurationPlatforms) = postSolution
		{929C163C-E2D0-9F7D-2F61-18E132B1ADA5}.Debug|Any CPU.ActiveCfg = Debug|Any CPU
		{929C163C-E2D0-9F7D-2F61-18E132B1ADA5}.Debug|Any CPU.Build.0 = Debug|Any CPU
		{929C163C-E2D0-9F7D-2F61-18E132B1ADA5}.Release|Any CPU.ActiveCfg = Release|Any CPU
		{929C163C-E2D0-9F7D-2F61-18E132B1ADA5}.Release|Any CPU.Build.0 = Release|Any CPU
		{E23A02B5-835C-C075-8023-D4182AB6978E}.Debug|Any CPU.ActiveCfg = Debug|Any CPU
		{E23A02B5-835C-C075-8023-D4182AB6978E}.Debug|Any CPU.Build.0 = Debug|Any CPU
		{E23A02B5-835C-C075-8023-D4182AB6978E}.Release|Any CPU.ActiveCfg = Release|Any CPU
		{E23A02B5-835C-C075-8023-D4182AB6978E}.Release|Any CPU.Build.0 = Release|Any CPU
		{CCF48379-7F93-A93C-6A9D-54A8057A3540}.Debug|Any CPU.ActiveCfg = Debug|Any CPU
		{CCF48379-7F93-A93C-6A9D-54A8057A3540}.Debug|Any CPU.Build.0 = Debug|Any CPU
		{CCF48379-7F93-A93C-6A9D-54A8057A3540}.Release|Any CPU.ActiveCfg = Release|Any CPU
		{CCF48379-7F93-A93C-6A9D-54A8057A3540}.Release|Any CPU.Build.0 = Release|Any CPU
	EndGlobalSection
	GlobalSection(SolutionProperties) = preSolution
		HideSolutionNode = FALSE
	EndGlobalSection
EndGlobal
